
Microsoft Visual Studio Solution File, Format Version 12.00
# Visual Studio Version 16
VisualStudioVersion = 16.0.30225.117
MinimumVisualStudioVersion = 10.0.40219.1
Project("{8BC9CEB8-8B4A-11D0-8D11-00A0C91BC942}") = "2017 - 2018", "2017 - 2018\2017 - 2018.vcxproj", "{1656D1BA-EC4F-4BF6-9049-FDF64301D6EF}"
EndProject
Global
	GlobalSection(SolutionConfigurationPlatforms) = preSolution
		Debug|x64 = Debug|x64
		Debug|x86 = Debug|x86
		Release|x64 = Release|x64
		Release|x86 = Release|x86
	EndGlobalSection
	GlobalSection(ProjectConfigurationPlatforms) = postSolution
		{1656D1BA-EC4F-4BF6-9049-FDF64301D6EF}.Debug|x64.ActiveCfg = Debug|x64
		{1656D1BA-EC4F-4BF6-9049-FDF64301D6EF}.Debug|x64.Build.0 = Debug|x64
		{1656D1BA-EC4F-4BF6-9049-FDF64301D6EF}.Debug|x86.ActiveCfg = Debug|Win32
		{1656D1BA-EC4F-4BF6-9049-FDF64301D6EF}.Debug|x86.Build.0 = Debug|Win32
		{1656D1BA-EC4F-4BF6-9049-FDF64301D6EF}.Release|x64.ActiveCfg = Release|x64
		{1656D1BA-EC4F-4BF6-9049-FDF64301D6EF}.Release|x64.Build.0 = Release|x64
		{1656D1BA-EC4F-4BF6-9049-FDF64301D6EF}.Release|x86.ActiveCfg = Release|Win32
		{1656D1BA-EC4F-4BF6-9049-FDF64301D6EF}.Release|x86.Build.0 = Release|Win32
	EndGlobalSection
	GlobalSection(SolutionProperties) = preSolution
		HideSolutionNode = FALSE
	EndGlobalSection
	GlobalSection(ExtensibilityGlobals) = postSolution
		SolutionGuid = {2B3985A5-87F8-4E34-9798-9B88AEF8DB16}
	EndGlobalSection
EndGlobal
